// !$*UTF8*$!
{
	archiveVersion = 1;
	classes = {
	};
	objectVersion = 46;
	objects = {

/* Begin PBXBuildFile section */
		2B6A7F0D492E13EABDF82554 /* Pods_AccountBook.framework in Frameworks */ = {isa = PBXBuildFile; fileRef = 1C0A8944FB9249AF48D4A818 /* Pods_AccountBook.framework */; };
		2F15E4E61E6E5D820067BF1A /* AppDelegate.swift in Sources */ = {isa = PBXBuildFile; fileRef = 2F15E4E51E6E5D820067BF1A /* AppDelegate.swift */; };
		2F15E4EB1E6E5D820067BF1A /* Main.storyboard in Resources */ = {isa = PBXBuildFile; fileRef = 2F15E4E91E6E5D820067BF1A /* Main.storyboard */; };
		2F15E4EE1E6E5D820067BF1A /* AccountBook.xcdatamodeld in Sources */ = {isa = PBXBuildFile; fileRef = 2F15E4EC1E6E5D820067BF1A /* AccountBook.xcdatamodeld */; };
		2F15E4F01E6E5D820067BF1A /* Assets.xcassets in Resources */ = {isa = PBXBuildFile; fileRef = 2F15E4EF1E6E5D820067BF1A /* Assets.xcassets */; };
		2F15E4F31E6E5D820067BF1A /* LaunchScreen.storyboard in Resources */ = {isa = PBXBuildFile; fileRef = 2F15E4F11E6E5D820067BF1A /* LaunchScreen.storyboard */; };
		2F15E4FE1E6E6EAF0067BF1A /* HomeViewController.swift in Sources */ = {isa = PBXBuildFile; fileRef = 2F15E4FD1E6E6EAF0067BF1A /* HomeViewController.swift */; };
		2F15E5021E6E7B300067BF1A /* NewTransactionViewController.swift in Sources */ = {isa = PBXBuildFile; fileRef = 2F15E5011E6E7B300067BF1A /* NewTransactionViewController.swift */; };
		2F1899F71E6FB69900A47049 /* Transaction.swift in Sources */ = {isa = PBXBuildFile; fileRef = 2F1899F61E6FB69900A47049 /* Transaction.swift */; };
		2F1899FA1E7135DE00A47049 /* TransactionListTableViewController.swift in Sources */ = {isa = PBXBuildFile; fileRef = 2F1899F91E7135DE00A47049 /* TransactionListTableViewController.swift */; };
		2F1899FC1E71363200A47049 /* TransactionEntryTableViewCell.swift in Sources */ = {isa = PBXBuildFile; fileRef = 2F1899FB1E71363200A47049 /* TransactionEntryTableViewCell.swift */; };
		2F1899FE1E713E0E00A47049 /* FetchedResultsTableViewController.swift in Sources */ = {isa = PBXBuildFile; fileRef = 2F1899FD1E713E0E00A47049 /* FetchedResultsTableViewController.swift */; };
		2F189A001E713EED00A47049 /* UITableViewDataSource+NSFetchedResultsController.swift in Sources */ = {isa = PBXBuildFile; fileRef = 2F1899FF1E713EED00A47049 /* UITableViewDataSource+NSFetchedResultsController.swift */; };
		2F387C941E7284770035407A /* Utilities.swift in Sources */ = {isa = PBXBuildFile; fileRef = 2F387C931E7284770035407A /* Utilities.swift */; };
		2F9894551E73AF9D00EACBCA /* PieChartViewController.swift in Sources */ = {isa = PBXBuildFile; fileRef = 2F9894541E73AF9D00EACBCA /* PieChartViewController.swift */; };
		2F9894591E73B3F300EACBCA /* CompositionViewController.swift in Sources */ = {isa = PBXBuildFile; fileRef = 2F9894581E73B3F300EACBCA /* CompositionViewController.swift */; };
		2F98945B1E73CFA400EACBCA /* PieChartPageViewController.swift in Sources */ = {isa = PBXBuildFile; fileRef = 2F98945A1E73CFA400EACBCA /* PieChartPageViewController.swift */; };
		2F9894601E74CC3500EACBCA /* BarChartViewController.swift in Sources */ = {isa = PBXBuildFile; fileRef = 2F98945F1E74CC3500EACBCA /* BarChartViewController.swift */; };
		2F9894621E74D00000EACBCA /* TrendViewController.swift in Sources */ = {isa = PBXBuildFile; fileRef = 2F9894611E74D00000EACBCA /* TrendViewController.swift */; };
		2FAC68301E721C9C00D7EE69 /* TransactionDetailTableViewController.swift in Sources */ = {isa = PBXBuildFile; fileRef = 2FAC682F1E721C9C00D7EE69 /* TransactionDetailTableViewController.swift */; };
		2FAC68361E724D5A00D7EE69 /* ImageFieldTableViewCell.swift in Sources */ = {isa = PBXBuildFile; fileRef = 2FAC68351E724D5A00D7EE69 /* ImageFieldTableViewCell.swift */; };
		2FFAD5021E7A564D008BBF6E /* NotificationSettingsViewController.swift in Sources */ = {isa = PBXBuildFile; fileRef = 2FFAD5011E7A564D008BBF6E /* NotificationSettingsViewController.swift */; };
/* End PBXBuildFile section */

/* Begin PBXFileReference section */
		1C0A8944FB9249AF48D4A818 /* Pods_AccountBook.framework */ = {isa = PBXFileReference; explicitFileType = wrapper.framework; includeInIndex = 0; path = Pods_AccountBook.framework; sourceTree = BUILT_PRODUCTS_DIR; };
		2F15E4E21E6E5D820067BF1A /* AccountBook.app */ = {isa = PBXFileReference; explicitFileType = wrapper.application; includeInIndex = 0; path = AccountBook.app; sourceTree = BUILT_PRODUCTS_DIR; };
		2F15E4E51E6E5D820067BF1A /* AppDelegate.swift */ = {isa = PBXFileReference; lastKnownFileType = sourcecode.swift; path = AppDelegate.swift; sourceTree = "<group>"; };
		2F15E4EA1E6E5D820067BF1A /* Base */ = {isa = PBXFileReference; lastKnownFileType = file.storyboard; name = Base; path = Base.lproj/Main.storyboard; sourceTree = "<group>"; };
		2F15E4ED1E6E5D820067BF1A /* AccountBook.xcdatamodel */ = {isa = PBXFileReference; lastKnownFileType = wrapper.xcdatamodel; path = AccountBook.xcdatamodel; sourceTree = "<group>"; };
		2F15E4EF1E6E5D820067BF1A /* Assets.xcassets */ = {isa = PBXFileReference; lastKnownFileType = folder.assetcatalog; path = Assets.xcassets; sourceTree = "<group>"; };
		2F15E4F21E6E5D820067BF1A /* Base */ = {isa = PBXFileReference; lastKnownFileType = file.storyboard; name = Base; path = Base.lproj/LaunchScreen.storyboard; sourceTree = "<group>"; };
		2F15E4F41E6E5D820067BF1A /* Info.plist */ = {isa = PBXFileReference; lastKnownFileType = text.plist.xml; path = Info.plist; sourceTree = "<group>"; };
		2F15E4FD1E6E6EAF0067BF1A /* HomeViewController.swift */ = {isa = PBXFileReference; fileEncoding = 4; lastKnownFileType = sourcecode.swift; path = HomeViewController.swift; sourceTree = "<group>"; };
		2F15E5011E6E7B300067BF1A /* NewTransactionViewController.swift */ = {isa = PBXFileReference; fileEncoding = 4; lastKnownFileType = sourcecode.swift; path = NewTransactionViewController.swift; sourceTree = "<group>"; };
		2F1899F61E6FB69900A47049 /* Transaction.swift */ = {isa = PBXFileReference; fileEncoding = 4; lastKnownFileType = sourcecode.swift; path = Transaction.swift; sourceTree = "<group>"; };
		2F1899F91E7135DE00A47049 /* TransactionListTableViewController.swift */ = {isa = PBXFileReference; fileEncoding = 4; lastKnownFileType = sourcecode.swift; path = TransactionListTableViewController.swift; sourceTree = "<group>"; };
		2F1899FB1E71363200A47049 /* TransactionEntryTableViewCell.swift */ = {isa = PBXFileReference; fileEncoding = 4; lastKnownFileType = sourcecode.swift; path = TransactionEntryTableViewCell.swift; sourceTree = "<group>"; };
		2F1899FD1E713E0E00A47049 /* FetchedResultsTableViewController.swift */ = {isa = PBXFileReference; fileEncoding = 4; lastKnownFileType = sourcecode.swift; path = FetchedResultsTableViewController.swift; sourceTree = "<group>"; };
		2F1899FF1E713EED00A47049 /* UITableViewDataSource+NSFetchedResultsController.swift */ = {isa = PBXFileReference; fileEncoding = 4; lastKnownFileType = sourcecode.swift; path = "UITableViewDataSource+NSFetchedResultsController.swift"; sourceTree = "<group>"; };
		2F387C931E7284770035407A /* Utilities.swift */ = {isa = PBXFileReference; fileEncoding = 4; lastKnownFileType = sourcecode.swift; path = Utilities.swift; sourceTree = "<group>"; };
		2F9894541E73AF9D00EACBCA /* PieChartViewController.swift */ = {isa = PBXFileReference; fileEncoding = 4; lastKnownFileType = sourcecode.swift; path = PieChartViewController.swift; sourceTree = "<group>"; };
		2F9894581E73B3F300EACBCA /* CompositionViewController.swift */ = {isa = PBXFileReference; fileEncoding = 4; lastKnownFileType = sourcecode.swift; path = CompositionViewController.swift; sourceTree = "<group>"; };
		2F98945A1E73CFA400EACBCA /* PieChartPageViewController.swift */ = {isa = PBXFileReference; fileEncoding = 4; lastKnownFileType = sourcecode.swift; path = PieChartPageViewController.swift; sourceTree = "<group>"; };
		2F98945F1E74CC3500EACBCA /* BarChartViewController.swift */ = {isa = PBXFileReference; fileEncoding = 4; lastKnownFileType = sourcecode.swift; path = BarChartViewController.swift; sourceTree = "<group>"; };
		2F9894611E74D00000EACBCA /* TrendViewController.swift */ = {isa = PBXFileReference; fileEncoding = 4; lastKnownFileType = sourcecode.swift; path = TrendViewController.swift; sourceTree = "<group>"; };
		2FAC682F1E721C9C00D7EE69 /* TransactionDetailTableViewController.swift */ = {isa = PBXFileReference; fileEncoding = 4; lastKnownFileType = sourcecode.swift; path = TransactionDetailTableViewController.swift; sourceTree = "<group>"; };
		2FAC68351E724D5A00D7EE69 /* ImageFieldTableViewCell.swift */ = {isa = PBXFileReference; fileEncoding = 4; lastKnownFileType = sourcecode.swift; path = ImageFieldTableViewCell.swift; sourceTree = "<group>"; };
		2FFAD5011E7A564D008BBF6E /* NotificationSettingsViewController.swift */ = {isa = PBXFileReference; fileEncoding = 4; lastKnownFileType = sourcecode.swift; path = NotificationSettingsViewController.swift; sourceTree = "<group>"; };
		8BB15F4A17E76B553DFDF22A /* Pods-AccountBook.release.xcconfig */ = {isa = PBXFileReference; includeInIndex = 1; lastKnownFileType = text.xcconfig; name = "Pods-AccountBook.release.xcconfig"; path = "Pods/Target Support Files/Pods-AccountBook/Pods-AccountBook.release.xcconfig"; sourceTree = "<group>"; };
		CA8677C40F39B50443779658 /* Pods-AccountBook.debug.xcconfig */ = {isa = PBXFileReference; includeInIndex = 1; lastKnownFileType = text.xcconfig; name = "Pods-AccountBook.debug.xcconfig"; path = "Pods/Target Support Files/Pods-AccountBook/Pods-AccountBook.debug.xcconfig"; sourceTree = "<group>"; };
/* End PBXFileReference section */

/* Begin PBXFrameworksBuildPhase section */
		2F15E4DF1E6E5D810067BF1A /* Frameworks */ = {
			isa = PBXFrameworksBuildPhase;
			buildActionMask = 2147483647;
			files = (
				2B6A7F0D492E13EABDF82554 /* Pods_AccountBook.framework in Frameworks */,
			);
			runOnlyForDeploymentPostprocessing = 0;
		};
/* End PBXFrameworksBuildPhase section */

/* Begin PBXGroup section */
		04171062B124213587926D57 /* Pods */ = {
			isa = PBXGroup;
			children = (
				CA8677C40F39B50443779658 /* Pods-AccountBook.debug.xcconfig */,
				8BB15F4A17E76B553DFDF22A /* Pods-AccountBook.release.xcconfig */,
			);
			name = Pods;
			sourceTree = "<group>";
		};
		2F15E4D91E6E5D810067BF1A = {
			isa = PBXGroup;
			children = (
				2F15E4E41E6E5D820067BF1A /* AccountBook */,
				2F15E4E31E6E5D820067BF1A /* Products */,
				04171062B124213587926D57 /* Pods */,
				44EEE4DF0133FBEF63F199D4 /* Frameworks */,
			);
			sourceTree = "<group>";
		};
		2F15E4E31E6E5D820067BF1A /* Products */ = {
			isa = PBXGroup;
			children = (
				2F15E4E21E6E5D820067BF1A /* AccountBook.app */,
			);
			name = Products;
			sourceTree = "<group>";
		};
		2F15E4E41E6E5D820067BF1A /* AccountBook */ = {
			isa = PBXGroup;
			children = (
				2F15E4E91E6E5D820067BF1A /* Main.storyboard */,
				2F15E4F11E6E5D820067BF1A /* LaunchScreen.storyboard */,
				2F15E4FD1E6E6EAF0067BF1A /* HomeViewController.swift */,
				2F15E5011E6E7B300067BF1A /* NewTransactionViewController.swift */,
				2FFAD5011E7A564D008BBF6E /* NotificationSettingsViewController.swift */,
				2F387C901E7281A10035407A /* List View */,
				2F387C911E7281B30035407A /* Transaction Detail Veiw */,
				2F98945C1E73D5C300EACBCA /* Composition View */,
				2F9894631E74D00F00EACBCA /* Trend View */,
				2F15E4E51E6E5D820067BF1A /* AppDelegate.swift */,
				2F387C931E7284770035407A /* Utilities.swift */,
				2F1899F81E6FB84C00A47049 /* Core Data */,
				2F15E4FA1E6E5DA20067BF1A /* Supporting Files */,
			);
			path = AccountBook;
			sourceTree = "<group>";
		};
		2F15E4FA1E6E5DA20067BF1A /* Supporting Files */ = {
			isa = PBXGroup;
			children = (
				2F15E4EF1E6E5D820067BF1A /* Assets.xcassets */,
				2F15E4F41E6E5D820067BF1A /* Info.plist */,
			);
			name = "Supporting Files";
			sourceTree = "<group>";
		};
		2F1899F81E6FB84C00A47049 /* Core Data */ = {
			isa = PBXGroup;
			children = (
				2F15E4EC1E6E5D820067BF1A /* AccountBook.xcdatamodeld */,
				2F1899F61E6FB69900A47049 /* Transaction.swift */,
			);
			name = "Core Data";
			sourceTree = "<group>";
		};
		2F387C901E7281A10035407A /* List View */ = {
			isa = PBXGroup;
			children = (
				2F1899FD1E713E0E00A47049 /* FetchedResultsTableViewController.swift */,
				2F1899FF1E713EED00A47049 /* UITableViewDataSource+NSFetchedResultsController.swift */,
				2F1899F91E7135DE00A47049 /* TransactionListTableViewController.swift */,
				2F1899FB1E71363200A47049 /* TransactionEntryTableViewCell.swift */,
			);
			name = "List View";
			sourceTree = "<group>";
		};
		2F387C911E7281B30035407A /* Transaction Detail Veiw */ = {
			isa = PBXGroup;
			children = (
				2FAC682F1E721C9C00D7EE69 /* TransactionDetailTableViewController.swift */,
				2FAC68351E724D5A00D7EE69 /* ImageFieldTableViewCell.swift */,
			);
			name = "Transaction Detail Veiw";
			sourceTree = "<group>";
		};
		2F98945C1E73D5C300EACBCA /* Composition View */ = {
			isa = PBXGroup;
			children = (
				2F9894581E73B3F300EACBCA /* CompositionViewController.swift */,
				2F98945A1E73CFA400EACBCA /* PieChartPageViewController.swift */,
				2F9894541E73AF9D00EACBCA /* PieChartViewController.swift */,
			);
			name = "Composition View";
			sourceTree = "<group>";
		};
		2F9894631E74D00F00EACBCA /* Trend View */ = {
			isa = PBXGroup;
			children = (
				2F9894611E74D00000EACBCA /* TrendViewController.swift */,
				2F98945F1E74CC3500EACBCA /* BarChartViewController.swift */,
			);
			name = "Trend View";
			sourceTree = "<group>";
		};
		44EEE4DF0133FBEF63F199D4 /* Frameworks */ = {
			isa = PBXGroup;
			children = (
				1C0A8944FB9249AF48D4A818 /* Pods_AccountBook.framework */,
			);
			name = Frameworks;
			sourceTree = "<group>";
		};
/* End PBXGroup section */

/* Begin PBXNativeTarget section */
		2F15E4E11E6E5D810067BF1A /* AccountBook */ = {
			isa = PBXNativeTarget;
			buildConfigurationList = 2F15E4F71E6E5D820067BF1A /* Build configuration list for PBXNativeTarget "AccountBook" */;
			buildPhases = (
				17FF4C303E4B771ABD192491 /* [CP] Check Pods Manifest.lock */,
				2F15E4DE1E6E5D810067BF1A /* Sources */,
				2F15E4DF1E6E5D810067BF1A /* Frameworks */,
				2F15E4E01E6E5D810067BF1A /* Resources */,
				10467B9CEC210424DF0F5B68 /* [CP] Embed Pods Frameworks */,
				DAE08A02DDC1695ED594A4AB /* [CP] Copy Pods Resources */,
			);
			buildRules = (
			);
			dependencies = (
			);
			name = AccountBook;
			productName = AccountBook;
			productReference = 2F15E4E21E6E5D820067BF1A /* AccountBook.app */;
			productType = "com.apple.product-type.application";
		};
/* End PBXNativeTarget section */

/* Begin PBXProject section */
		2F15E4DA1E6E5D810067BF1A /* Project object */ = {
			isa = PBXProject;
			attributes = {
				LastSwiftUpdateCheck = 0820;
				LastUpgradeCheck = 0820;
				ORGANIZATIONNAME = "Stanford University";
				TargetAttributes = {
					2F15E4E11E6E5D810067BF1A = {
						CreatedOnToolsVersion = 8.2.1;
						DevelopmentTeam = QD5228V68Q;
						ProvisioningStyle = Automatic;
					};
				};
			};
			buildConfigurationList = 2F15E4DD1E6E5D810067BF1A /* Build configuration list for PBXProject "AccountBook" */;
			compatibilityVersion = "Xcode 3.2";
			developmentRegion = English;
			hasScannedForEncodings = 0;
			knownRegions = (
				en,
				Base,
			);
			mainGroup = 2F15E4D91E6E5D810067BF1A;
			productRefGroup = 2F15E4E31E6E5D820067BF1A /* Products */;
			projectDirPath = "";
			projectRoot = "";
			targets = (
				2F15E4E11E6E5D810067BF1A /* AccountBook */,
			);
		};
/* End PBXProject section */

/* Begin PBXResourcesBuildPhase section */
		2F15E4E01E6E5D810067BF1A /* Resources */ = {
			isa = PBXResourcesBuildPhase;
			buildActionMask = 2147483647;
			files = (
				2F15E4F31E6E5D820067BF1A /* LaunchScreen.storyboard in Resources */,
				2F15E4F01E6E5D820067BF1A /* Assets.xcassets in Resources */,
				2F15E4EB1E6E5D820067BF1A /* Main.storyboard in Resources */,
			);
			runOnlyForDeploymentPostprocessing = 0;
		};
/* End PBXResourcesBuildPhase section */

/* Begin PBXShellScriptBuildPhase section */
		10467B9CEC210424DF0F5B68 /* [CP] Embed Pods Frameworks */ = {
			isa = PBXShellScriptBuildPhase;
			buildActionMask = 2147483647;
			files = (
			);
			inputPaths = (
			);
			name = "[CP] Embed Pods Frameworks";
			outputPaths = (
			);
			runOnlyForDeploymentPostprocessing = 0;
			shellPath = /bin/sh;
			shellScript = "\"${SRCROOT}/Pods/Target Support Files/Pods-AccountBook/Pods-AccountBook-frameworks.sh\"\n";
			showEnvVarsInLog = 0;
		};
		17FF4C303E4B771ABD192491 /* [CP] Check Pods Manifest.lock */ = {
			isa = PBXShellScriptBuildPhase;
			buildActionMask = 2147483647;
			files = (
			);
			inputPaths = (
			);
			name = "[CP] Check Pods Manifest.lock";
			outputPaths = (
			);
			runOnlyForDeploymentPostprocessing = 0;
			shellPath = /bin/sh;
			shellScript = "diff \"${PODS_ROOT}/../Podfile.lock\" \"${PODS_ROOT}/Manifest.lock\" > /dev/null\nif [ $? != 0 ] ; then\n    # print error to STDERR\n    echo \"error: The sandbox is not in sync with the Podfile.lock. Run 'pod install' or update your CocoaPods installation.\" >&2\n    exit 1\nfi\n";
			showEnvVarsInLog = 0;
		};
		DAE08A02DDC1695ED594A4AB /* [CP] Copy Pods Resources */ = {
			isa = PBXShellScriptBuildPhase;
			buildActionMask = 2147483647;
			files = (
			);
			inputPaths = (
			);
			name = "[CP] Copy Pods Resources";
			outputPaths = (
			);
			runOnlyForDeploymentPostprocessing = 0;
			shellPath = /bin/sh;
			shellScript = "\"${SRCROOT}/Pods/Target Support Files/Pods-AccountBook/Pods-AccountBook-resources.sh\"\n";
			showEnvVarsInLog = 0;
		};
/* End PBXShellScriptBuildPhase section */

/* Begin PBXSourcesBuildPhase section */
		2F15E4DE1E6E5D810067BF1A /* Sources */ = {
			isa = PBXSourcesBuildPhase;
			buildActionMask = 2147483647;
			files = (
				2FAC68301E721C9C00D7EE69 /* TransactionDetailTableViewController.swift in Sources */,
				2F1899FE1E713E0E00A47049 /* FetchedResultsTableViewController.swift in Sources */,
				2F189A001E713EED00A47049 /* UITableViewDataSource+NSFetchedResultsController.swift in Sources */,
				2F98945B1E73CFA400EACBCA /* PieChartPageViewController.swift in Sources */,
				2F9894591E73B3F300EACBCA /* CompositionViewController.swift in Sources */,
				2F387C941E7284770035407A /* Utilities.swift in Sources */,
				2F1899FC1E71363200A47049 /* TransactionEntryTableViewCell.swift in Sources */,
				2F15E4EE1E6E5D820067BF1A /* AccountBook.xcdatamodeld in Sources */,
				2FFAD5021E7A564D008BBF6E /* NotificationSettingsViewController.swift in Sources */,
				2F1899F71E6FB69900A47049 /* Transaction.swift in Sources */,
				2F1899FA1E7135DE00A47049 /* TransactionListTableViewController.swift in Sources */,
				2F15E4E61E6E5D820067BF1A /* AppDelegate.swift in Sources */,
				2F15E5021E6E7B300067BF1A /* NewTransactionViewController.swift in Sources */,
				2F9894621E74D00000EACBCA /* TrendViewController.swift in Sources */,
				2FAC68361E724D5A00D7EE69 /* ImageFieldTableViewCell.swift in Sources */,
				2F9894601E74CC3500EACBCA /* BarChartViewController.swift in Sources */,
				2F9894551E73AF9D00EACBCA /* PieChartViewController.swift in Sources */,
				2F15E4FE1E6E6EAF0067BF1A /* HomeViewController.swift in Sources */,
			);
			runOnlyForDeploymentPostprocessing = 0;
		};
/* End PBXSourcesBuildPhase section */

/* Begin PBXVariantGroup section */
		2F15E4E91E6E5D820067BF1A /* Main.storyboard */ = {
			isa = PBXVariantGroup;
			children = (
				2F15E4EA1E6E5D820067BF1A /* Base */,
			);
			name = Main.storyboard;
			sourceTree = "<group>";
		};
		2F15E4F11E6E5D820067BF1A /* LaunchScreen.storyboard */ = {
			isa = PBXVariantGroup;
			children = (
				2F15E4F21E6E5D820067BF1A /* Base */,
			);
			name = LaunchScreen.storyboard;
			sourceTree = "<group>";
		};
/* End PBXVariantGroup section */

/* Begin XCBuildConfiguration section */
		2F15E4F51E6E5D820067BF1A /* Debug */ = {
			isa = XCBuildConfiguration;
			buildSettings = {
				ALWAYS_SEARCH_USER_PATHS = NO;
				CLANG_ANALYZER_NONNULL = YES;
				CLANG_CXX_LANGUAGE_STANDARD = "gnu++0x";
				CLANG_CXX_LIBRARY = "libc++";
				CLANG_ENABLE_MODULES = YES;
				CLANG_ENABLE_OBJC_ARC = YES;
				CLANG_WARN_BOOL_CONVERSION = YES;
				CLANG_WARN_CONSTANT_CONVERSION = YES;
				CLANG_WARN_DIRECT_OBJC_ISA_USAGE = YES_ERROR;
				CLANG_WARN_DOCUMENTATION_COMMENTS = YES;
				CLANG_WARN_EMPTY_BODY = YES;
				CLANG_WARN_ENUM_CONVERSION = YES;
				CLANG_WARN_INFINITE_RECURSION = YES;
				CLANG_WARN_INT_CONVERSION = YES;
				CLANG_WARN_OBJC_ROOT_CLASS = YES_ERROR;
				CLANG_WARN_SUSPICIOUS_MOVE = YES;
				CLANG_WARN_UNREACHABLE_CODE = YES;
				CLANG_WARN__DUPLICATE_METHOD_MATCH = YES;
				"CODE_SIGN_IDENTITY[sdk=iphoneos*]" = "iPhone Developer";
				COPY_PHASE_STRIP = NO;
				DEBUG_INFORMATION_FORMAT = dwarf;
				ENABLE_STRICT_OBJC_MSGSEND = YES;
				ENABLE_TESTABILITY = YES;
				GCC_C_LANGUAGE_STANDARD = gnu99;
				GCC_DYNAMIC_NO_PIC = NO;
				GCC_NO_COMMON_BLOCKS = YES;
				GCC_OPTIMIZATION_LEVEL = 0;
				GCC_PREPROCESSOR_DEFINITIONS = (
					"DEBUG=1",
					"$(inherited)",
				);
				GCC_WARN_64_TO_32_BIT_CONVERSION = YES;
				GCC_WARN_ABOUT_RETURN_TYPE = YES_ERROR;
				GCC_WARN_UNDECLARED_SELECTOR = YES;
				GCC_WARN_UNINITIALIZED_AUTOS = YES_AGGRESSIVE;
				GCC_WARN_UNUSED_FUNCTION = YES;
				GCC_WARN_UNUSED_VARIABLE = YES;
				IPHONEOS_DEPLOYMENT_TARGET = 10.2;
				MTL_ENABLE_DEBUG_INFO = YES;
				ONLY_ACTIVE_ARCH = YES;
				SDKROOT = iphoneos;
				SWIFT_ACTIVE_COMPILATION_CONDITIONS = DEBUG;
				SWIFT_OPTIMIZATION_LEVEL = "-Onone";
				TARGETED_DEVICE_FAMILY = "1,2";
			};
			name = Debug;
		};
		2F15E4F61E6E5D820067BF1A /* Release */ = {
			isa = XCBuildConfiguration;
			buildSettings = {
				ALWAYS_SEARCH_USER_PATHS = NO;
				CLANG_ANALYZER_NONNULL = YES;
				CLANG_CXX_LANGUAGE_STANDARD = "gnu++0x";
				CLANG_CXX_LIBRARY = "libc++";
				CLANG_ENABLE_MODULES = YES;
				CLANG_ENABLE_OBJC_ARC = YES;
				CLANG_WARN_BOOL_CONVERSION = YES;
				CLANG_WARN_CONSTANT_CONVERSION = YES;
				CLANG_WARN_DIRECT_OBJC_ISA_USAGE = YES_ERROR;
				CLANG_WARN_DOCUMENTATION_COMMENTS = YES;
				CLANG_WARN_EMPTY_BODY = YES;
				CLANG_WARN_ENUM_CONVERSION = YES;
				CLANG_WARN_INFINITE_RECURSION = YES;
				CLANG_WARN_INT_CONVERSION = YES;
				CLANG_WARN_OBJC_ROOT_CLASS = YES_ERROR;
				CLANG_WARN_SUSPICIOUS_MOVE = YES;
				CLANG_WARN_UNREACHABLE_CODE = YES;
				CLANG_WARN__DUPLICATE_METHOD_MATCH = YES;
				"CODE_SIGN_IDENTITY[sdk=iphoneos*]" = "iPhone Developer";
				COPY_PHASE_STRIP = NO;
				DEBUG_INFORMATION_FORMAT = "dwarf-with-dsym";
				ENABLE_NS_ASSERTIONS = NO;
				ENABLE_STRICT_OBJC_MSGSEND = YES;
				GCC_C_LANGUAGE_STANDARD = gnu99;
				GCC_NO_COMMON_BLOCKS = YES;
				GCC_WARN_64_TO_32_BIT_CONVERSION = YES;
				GCC_WARN_ABOUT_RETURN_TYPE = YES_ERROR;
				GCC_WARN_UNDECLARED_SELECTOR = YES;
				GCC_WARN_UNINITIALIZED_AUTOS = YES_AGGRESSIVE;
				GCC_WARN_UNUSED_FUNCTION = YES;
				GCC_WARN_UNUSED_VARIABLE = YES;
				IPHONEOS_DEPLOYMENT_TARGET = 10.2;
				MTL_ENABLE_DEBUG_INFO = NO;
				SDKROOT = iphoneos;
				SWIFT_OPTIMIZATION_LEVEL = "-Owholemodule";
				TARGETED_DEVICE_FAMILY = "1,2";
				VALIDATE_PRODUCT = YES;
			};
			name = Release;
		};
		2F15E4F81E6E5D820067BF1A /* Debug */ = {
			isa = XCBuildConfiguration;
			baseConfigurationReference = CA8677C40F39B50443779658 /* Pods-AccountBook.debug.xcconfig */;
			buildSettings = {
				ASSETCATALOG_COMPILER_APPICON_NAME = AppIcon;
				DEVELOPMENT_TEAM = QD5228V68Q;
				INFOPLIST_FILE = AccountBook/Info.plist;
				LD_RUNPATH_SEARCH_PATHS = "$(inherited) @executable_path/Frameworks";
				PRODUCT_BUNDLE_IDENTIFIER = edu.stanford.cs193p.yyuan16.AccountBook;
				PRODUCT_NAME = "$(TARGET_NAME)";
				SWIFT_VERSION = 3.0;
			};
			name = Debug;
		};
		2F15E4F91E6E5D820067BF1A /* Release */ = {
			isa = XCBuildConfiguration;
			baseConfigurationReference = 8BB15F4A17E76B553DFDF22A /* Pods-AccountBook.release.xcconfig */;
			buildSettings = {
				ASSETCATALOG_COMPILER_APPICON_NAME = AppIcon;
				DEVELOPMENT_TEAM = QD5228V68Q;
				INFOPLIST_FILE = AccountBook/Info.plist;
				LD_RUNPATH_SEARCH_PATHS = "$(inherited) @executable_path/Frameworks";
				PRODUCT_BUNDLE_IDENTIFIER = edu.stanford.cs193p.yyuan16.AccountBook;
				PRODUCT_NAME = "$(TARGET_NAME)";
				SWIFT_VERSION = 3.0;
			};
			name = Release;
		};
/* End XCBuildConfiguration section */

/* Begin XCConfigurationList section */
		2F15E4DD1E6E5D810067BF1A /* Build configuration list for PBXProject "AccountBook" */ = {
			isa = XCConfigurationList;
			buildConfigurations = (
				2F15E4F51E6E5D820067BF1A /* Debug */,
				2F15E4F61E6E5D820067BF1A /* Release */,
			);
			defaultConfigurationIsVisible = 0;
			defaultConfigurationName = Release;
		};
		2F15E4F71E6E5D820067BF1A /* Build configuration list for PBXNativeTarget "AccountBook" */ = {
			isa = XCConfigurationList;
			buildConfigurations = (
				2F15E4F81E6E5D820067BF1A /* Debug */,
				2F15E4F91E6E5D820067BF1A /* Release */,
			);
			defaultConfigurationIsVisible = 0;
			defaultConfigurationName = Release;
		};
/* End XCConfigurationList section */

/* Begin XCVersionGroup section */
		2F15E4EC1E6E5D820067BF1A /* AccountBook.xcdatamodeld */ = {
			isa = XCVersionGroup;
			children = (
				2F15E4ED1E6E5D820067BF1A /* AccountBook.xcdatamodel */,
			);
			currentVersion = 2F15E4ED1E6E5D820067BF1A /* AccountBook.xcdatamodel */;
			path = AccountBook.xcdatamodeld;
			sourceTree = "<group>";
			versionGroupType = wrapper.xcdatamodel;
		};
/* End XCVersionGroup section */
	};
	rootObject = 2F15E4DA1E6E5D810067BF1A /* Project object */;
}
